<?xml version="1.0" encoding="utf-8"?>
<Project ToolsVersion="4.0" xmlns="http://schemas.microsoft.com/developer/msbuild/2003">
  <ItemGroup>
    <Filter Include="소스 파일">
      <UniqueIdentifier>{4FC737F1-C7A5-4376-A066-2A32D752A2FF}</UniqueIdentifier>
      <Extensions>cpp;c;cc;cxx;def;odl;idl;hpj;bat;asm;asmx</Extensions>
    </Filter>
    <Filter Include="리소스 파일">
      <UniqueIdentifier>{67DA6AB6-F800-4c08-8B7A-83BB121AAD01}</UniqueIdentifier>
      <Extensions>rc;ico;cur;bmp;dlg;rc2;rct;bin;rgs;gif;jpg;jpeg;jpe;resx;tiff;tif;png;wav;mfcribbon-ms</Extensions>
    </Filter>
    <Filter Include="소스 파일\00.Scene">
      <UniqueIdentifier>{ff709e72-b284-4dc9-a85e-9b6783769fa6}</UniqueIdentifier>
    </Filter>
    <Filter Include="소스 파일\00.Scene\STAGE1">
      <UniqueIdentifier>{ee3a1355-0ac8-4002-9ee2-7d4422439de2}</UniqueIdentifier>
    </Filter>
    <Filter Include="소스 파일\01.Object">
      <UniqueIdentifier>{9f065f7f-ec31-420a-b13c-6798c49b7efb}</UniqueIdentifier>
    </Filter>
    <Filter Include="소스 파일\01.Object\Player">
      <UniqueIdentifier>{b22ae453-216d-4f32-b898-1b76e41c95b4}</UniqueIdentifier>
    </Filter>
    <Filter Include="소스 파일\00.Scene\EntryPoint">
      <UniqueIdentifier>{f8b753ff-e187-44dc-8c75-fee9f6af6501}</UniqueIdentifier>
    </Filter>
    <Filter Include="소스 파일\01.Object\Bullet">
      <UniqueIdentifier>{c92bcac2-ab77-442d-a6ab-c4be66c395d2}</UniqueIdentifier>
    </Filter>
    <Filter Include="소스 파일\01.Object\Monster">
      <UniqueIdentifier>{aa07b1e2-f1ee-4753-ae2f-7ff900051030}</UniqueIdentifier>
    </Filter>
    <Filter Include="소스 파일\01.Object\Character">
      <UniqueIdentifier>{4a8d29b0-fbc9-45a4-9ef3-05b763e0a0dd}</UniqueIdentifier>
    </Filter>
    <Filter Include="소스 파일\98.System">
      <UniqueIdentifier>{6d6a6a7f-5ec5-41bd-b347-b0933c7eefc3}</UniqueIdentifier>
    </Filter>
    <Filter Include="소스 파일\98.System\File">
      <UniqueIdentifier>{2f992994-d3d2-40a6-8ac7-3d383c65f5c1}</UniqueIdentifier>
    </Filter>
    <Filter Include="소스 파일\98.System\File\RankFile">
      <UniqueIdentifier>{53d5605b-8ea4-48ec-94ff-91a5eefc4077}</UniqueIdentifier>
    </Filter>
    <Filter Include="소스 파일\98.System\Cursor">
      <UniqueIdentifier>{242dabaa-d92e-42a7-be3a-f73f3841292c}</UniqueIdentifier>
    </Filter>
    <Filter Include="소스 파일\98.System\Graphics">
      <UniqueIdentifier>{9b2c847c-e03e-4613-972a-3bc490c49bda}</UniqueIdentifier>
    </Filter>
    <Filter Include="소스 파일\98.System\Input">
      <UniqueIdentifier>{f32aba15-5ec2-4612-a8ba-a09452d86a48}</UniqueIdentifier>
    </Filter>
    <Filter Include="소스 파일\00.Scene\SceneMgr">
      <UniqueIdentifier>{1e02bea4-dcae-4853-95a3-d11e2a047e5d}</UniqueIdentifier>
    </Filter>
    <Filter Include="소스 파일\98.System\Sound">
      <UniqueIdentifier>{3df40315-319a-4f2c-a261-6666742b80da}</UniqueIdentifier>
    </Filter>
    <Filter Include="소스 파일\99.Forbidden">
      <UniqueIdentifier>{2f4d3661-a06e-49f4-a89a-99c810b08b5d}</UniqueIdentifier>
    </Filter>
    <Filter Include="소스 파일\99.Forbidden\Timer">
      <UniqueIdentifier>{916afccf-c375-4768-ac0b-6ab885028a72}</UniqueIdentifier>
    </Filter>
    <Filter Include="소스 파일\97.Util">
      <UniqueIdentifier>{f68625c8-5511-49ca-8bfa-7d6b2a571cf6}</UniqueIdentifier>
    </Filter>
    <Filter Include="소스 파일\97.Util\Math">
      <UniqueIdentifier>{6778978c-7d29-4be5-83a1-9e88533a2692}</UniqueIdentifier>
    </Filter>
  </ItemGroup>
  <ItemGroup>
    <ClCompile Include="Maincpp.cpp">
      <Filter>소스 파일</Filter>
    </ClCompile>
    <ClCompile Include="IScene.cpp">
      <Filter>소스 파일\00.Scene</Filter>
    </ClCompile>
    <ClCompile Include="Stage1.cpp">
      <Filter>소스 파일\00.Scene\STAGE1</Filter>
    </ClCompile>
    <ClCompile Include="SceneMgr.cpp">
      <Filter>소스 파일\00.Scene\SceneMgr</Filter>
    </ClCompile>
    <ClCompile Include="Cursor.cpp">
      <Filter>소스 파일\98.System\Cursor</Filter>
    </ClCompile>
    <ClCompile Include="IObject.cpp">
      <Filter>소스 파일\01.Object</Filter>
    </ClCompile>
    <ClCompile Include="Player.cpp">
      <Filter>소스 파일\01.Object\Player</Filter>
    </ClCompile>
    <ClCompile Include="EntryPoint.cpp">
      <Filter>소스 파일\00.Scene\EntryPoint</Filter>
    </ClCompile>
    <ClCompile Include="IFile.cpp">
      <Filter>소스 파일\98.System\File</Filter>
    </ClCompile>
    <ClCompile Include="RankFile.cpp">
      <Filter>소스 파일\98.System\File\RankFile</Filter>
    </ClCompile>
    <ClCompile Include="KeyMgr.cpp">
      <Filter>소스 파일\98.System\Input</Filter>
    </ClCompile>
    <ClCompile Include="Graphics.cpp">
      <Filter>소스 파일\98.System\Graphics</Filter>
    </ClCompile>
    <ClCompile Include="Sound.cpp">
      <Filter>소스 파일\98.System\Sound</Filter>
    </ClCompile>
    <ClCompile Include="Sound.cpp">
      <Filter>소스 파일\99.Manager\Sound</Filter>
    </ClCompile>
    <ClCompile Include="Bullet.cpp">
      <Filter>소스 파일\01.Object\Bullet</Filter>
    </ClCompile>
    <ClCompile Include="Timer.cpp">
      <Filter>소스 파일\99.Forbidden\Timer</Filter>
    </ClCompile>
    <ClCompile Include="Monster.cpp">
      <Filter>소스 파일\01.Object\Monster</Filter>
    </ClCompile>
    <ClCompile Include="Character.cpp">
      <Filter>소스 파일\01.Object\Character</Filter>
    </ClCompile>
    <ClCompile Include="FileMgr.cpp">
      <Filter>소스 파일\98.System\File</Filter>
    </ClCompile>
    <ClCompile Include="Sprite.cpp">
      <Filter>소스 파일\01.Object</Filter>
    </ClCompile>
    <ClCompile Include="Math.cpp">
      <Filter>소스 파일\97.Util\Math</Filter>
    </ClCompile>
  </ItemGroup>
  <ItemGroup>
    <ClInclude Include="IScene.h">
      <Filter>소스 파일\00.Scene</Filter>
    </ClInclude>
    <ClInclude Include="Stage1.h">
      <Filter>소스 파일\00.Scene\STAGE1</Filter>
    </ClInclude>
    <ClInclude Include="SceneMgr.h">
      <Filter>소스 파일\00.Scene\SceneMgr</Filter>
    </ClInclude>
    <ClInclude Include="Cursor.h">
      <Filter>소스 파일\98.System\Cursor</Filter>
    </ClInclude>
    <ClInclude Include="IObject.h">
      <Filter>소스 파일\01.Object</Filter>
    </ClInclude>
    <ClInclude Include="Player.h">
      <Filter>소스 파일\01.Object\Player</Filter>
    </ClInclude>
    <ClInclude Include="EntryPoint.h">
      <Filter>소스 파일\00.Scene\EntryPoint</Filter>
    </ClInclude>
    <ClInclude Include="IFile.h">
      <Filter>소스 파일\98.System\File</Filter>
    </ClInclude>
    <ClInclude Include="RankFile.h">
      <Filter>소스 파일\98.System\File\RankFile</Filter>
    </ClInclude>
    <ClInclude Include="Graphics.h">
      <Filter>소스 파일\98.System\Graphics</Filter>
    </ClInclude>
    <ClInclude Include="KeyMgr.h">
      <Filter>소스 파일\98.System\Input</Filter>
    </ClInclude>
    <ClInclude Include="Sound.h">
      <Filter>소스 파일\98.System\Sound</Filter>
    </ClInclude>
    <ClInclude Include="Bullet.h">
      <Filter>소스 파일\01.Object\Bullet</Filter>
    </ClInclude>
    <ClInclude Include="Timer.h">
      <Filter>소스 파일\99.Forbidden\Timer</Filter>
    </ClInclude>
    <ClInclude Include="Monster.h">
      <Filter>소스 파일\01.Object\Monster</Filter>
    </ClInclude>
    <ClInclude Include="Character.h">
      <Filter>소스 파일\01.Object\Character</Filter>
    </ClInclude>
    <ClInclude Include="FileMgr.h">
      <Filter>소스 파일\98.System\File</Filter>
    </ClInclude>
    <ClInclude Include="Color.h">
      <Filter>소스 파일\97.Util</Filter>
    </ClInclude>
    <ClInclude Include="Status.h">
      <Filter>소스 파일\01.Object</Filter>
    </ClInclude>
    <ClInclude Include="Sprite.h">
      <Filter>소스 파일\01.Object</Filter>
    </ClInclude>
    <ClInclude Include="Math.h">
      <Filter>소스 파일\97.Util\Math</Filter>
    </ClInclude>
  </ItemGroup>
</Project>