<?xml version="1.0" encoding="utf-8"?>
<Project ToolsVersion="4.0" xmlns="http://schemas.microsoft.com/developer/msbuild/2003">
  <ItemGroup>
    <Filter Include="소스 파일">
      <UniqueIdentifier>{4FC737F1-C7A5-4376-A066-2A32D752A2FF}</UniqueIdentifier>
      <Extensions>cpp;c;cc;cxx;def;odl;idl;hpj;bat;asm;asmx</Extensions>
    </Filter>
    <Filter Include="헤더 파일">
      <UniqueIdentifier>{93995380-89BD-4b04-88EB-625FBE52EBFB}</UniqueIdentifier>
      <Extensions>h;hh;hpp;hxx;hm;inl;inc;ipp;xsd</Extensions>
    </Filter>
    <Filter Include="리소스 파일">
      <UniqueIdentifier>{67DA6AB6-F800-4c08-8B7A-83BB121AAD01}</UniqueIdentifier>
      <Extensions>rc;ico;cur;bmp;dlg;rc2;rct;bin;rgs;gif;jpg;jpeg;jpe;resx;tiff;tif;png;wav;mfcribbon-ms</Extensions>
    </Filter>
    <Filter Include="소스 파일\Sound">
      <UniqueIdentifier>{7d6b282f-ebda-4ad2-8891-39f34783ccbf}</UniqueIdentifier>
    </Filter>
    <Filter Include="소스 파일\Option">
      <UniqueIdentifier>{3e6ef665-fd79-4bb8-abde-adea4208b533}</UniqueIdentifier>
    </Filter>
    <Filter Include="소스 파일\Cursor">
      <UniqueIdentifier>{a5ed0629-7e16-4956-9fa3-57bfcfaae9a9}</UniqueIdentifier>
    </Filter>
  </ItemGroup>
  <ItemGroup>
    <ClInclude Include="Sound.h">
      <Filter>소스 파일\Sound</Filter>
    </ClInclude>
    <ClInclude Include="Option.h">
      <Filter>소스 파일\Option</Filter>
    </ClInclude>
    <ClInclude Include="Cursor.h">
      <Filter>소스 파일\Cursor</Filter>
    </ClInclude>
    <ClInclude Include="Color.h">
      <Filter>헤더 파일</Filter>
    </ClInclude>
  </ItemGroup>
  <ItemGroup>
    <ClCompile Include="소스.cpp">
      <Filter>소스 파일</Filter>
    </ClCompile>
    <ClCompile Include="Sound.cpp">
      <Filter>소스 파일\Sound</Filter>
    </ClCompile>
    <ClCompile Include="Option.cpp">
      <Filter>소스 파일\Option</Filter>
    </ClCompile>
    <ClCompile Include="Cursor.cpp">
      <Filter>소스 파일\Cursor</Filter>
    </ClCompile>
  </ItemGroup>
</Project>